{
    "_readme": [
        "This file locks the dependencies of your project to a known state",
        "Read more about it at https://getcomposer.org/doc/01-basic-usage.md#installing-dependencies",
        "This file is @generated automatically"
    ],
    "content-hash": "a24879b17d909f9e571b65c31e4aa244",
    "packages": [
        {
            "name": "blockify/plugin",
            "version": "dev-main",
            "dist": {
                "type": "path",
                "url": "../../plugins/blockify",
                "reference": "6512352d67eb3087e710a7cf157339bff3114117"
            },
            "require": {
                "php": "^7.4 || ^8.0"
            },
            "type": "library",
            "autoload": {
                "files": [
                    "blockify.php"
                ]
            },
            "license": [
                "GPL-2.0-or-later"
            ],
            "authors": [
                {
                    "name": "Lee Anthony",
                    "email": "info@blockifywp.com"
                }
            ],
            "description": "Lightweight block toolkit for WordPress FSE enabled themes.",
            "transport-options": {
                "symlink": false,
                "relative": true
            }
        }
    ],
    "packages-dev": [],
    "aliases": [],
    "minimum-stability": "dev",
    "stability-flags": {
        "blockify/plugin": 20
    },
    "prefer-stable": false,
    "prefer-lowest": false,
    "platform": {
        "php": "^7.4 || ^8.0"
    },
    "platform-dev": [],
    "plugin-api-version": "2.3.0"
}
